// !$*UTF8*$!
{
	archiveVersion = 1;
	classes = {
	};
	objectVersion = 46;
	objects = {

/* Begin PBXBuildFile section */
		9F8B142D15BE1D55000ED0B2 /* UIKit.framework in Frameworks */ = {isa = PBXBuildFile; fileRef = 9F8B142C15BE1D55000ED0B2 /* UIKit.framework */; };
		9F8B142F15BE1D55000ED0B2 /* Foundation.framework in Frameworks */ = {isa = PBXBuildFile; fileRef = 9F8B142E15BE1D55000ED0B2 /* Foundation.framework */; };
		9F8B143115BE1D55000ED0B2 /* CoreGraphics.framework in Frameworks */ = {isa = PBXBuildFile; fileRef = 9F8B143015BE1D55000ED0B2 /* CoreGraphics.framework */; };
		9F8B143715BE1D55000ED0B2 /* InfoPlist.strings in Resources */ = {isa = PBXBuildFile; fileRef = 9F8B143515BE1D55000ED0B2 /* InfoPlist.strings */; };
		9F8B143915BE1D55000ED0B2 /* main.m in Sources */ = {isa = PBXBuildFile; fileRef = 9F8B143815BE1D55000ED0B2 /* main.m */; };
		9F8B143D15BE1D55000ED0B2 /* AppDelegate.m in Sources */ = {isa = PBXBuildFile; fileRef = 9F8B143C15BE1D55000ED0B2 /* AppDelegate.m */; };
		9F8B144015BE1D55000ED0B2 /* MainStoryboard.storyboard in Resources */ = {isa = PBXBuildFile; fileRef = 9F8B143E15BE1D55000ED0B2 /* MainStoryboard.storyboard */; };
		9F8B144315BE1D55000ED0B2 /* ViewController.m in Sources */ = {isa = PBXBuildFile; fileRef = 9F8B144215BE1D55000ED0B2 /* ViewController.m */; };
		9F8B144B15BE1EBA000ED0B2 /* Timeline.m in Sources */ = {isa = PBXBuildFile; fileRef = 9F8B144A15BE1EBA000ED0B2 /* Timeline.m */; };
		9F8B145115BE2DF3000ED0B2 /* Photo.m in Sources */ = {isa = PBXBuildFile; fileRef = 9F8B145015BE2DF3000ED0B2 /* Photo.m */; };
		9F8B145515BE2E11000ED0B2 /* PhotoCell.m in Sources */ = {isa = PBXBuildFile; fileRef = 9F8B145415BE2E11000ED0B2 /* PhotoCell.m */; };
/* End PBXBuildFile section */

/* Begin PBXFileReference section */
		9F8B142815BE1D55000ED0B2 /* Instagram.app */ = {isa = PBXFileReference; explicitFileType = wrapper.application; includeInIndex = 0; path = Instagram.app; sourceTree = BUILT_PRODUCTS_DIR; };
		9F8B142C15BE1D55000ED0B2 /* UIKit.framework */ = {isa = PBXFileReference; lastKnownFileType = wrapper.framework; name = UIKit.framework; path = System/Library/Frameworks/UIKit.framework; sourceTree = SDKROOT; };
		9F8B142E15BE1D55000ED0B2 /* Foundation.framework */ = {isa = PBXFileReference; lastKnownFileType = wrapper.framework; name = Foundation.framework; path = System/Library/Frameworks/Foundation.framework; sourceTree = SDKROOT; };
		9F8B143015BE1D55000ED0B2 /* CoreGraphics.framework */ = {isa = PBXFileReference; lastKnownFileType = wrapper.framework; name = CoreGraphics.framework; path = System/Library/Frameworks/CoreGraphics.framework; sourceTree = SDKROOT; };
		9F8B143415BE1D55000ED0B2 /* Instagram-Info.plist */ = {isa = PBXFileReference; lastKnownFileType = text.plist.xml; path = "Instagram-Info.plist"; sourceTree = "<group>"; };
		9F8B143615BE1D55000ED0B2 /* en */ = {isa = PBXFileReference; lastKnownFileType = text.plist.strings; name = en; path = en.lproj/InfoPlist.strings; sourceTree = "<group>"; };
		9F8B143815BE1D55000ED0B2 /* main.m */ = {isa = PBXFileReference; lastKnownFileType = sourcecode.c.objc; path = main.m; sourceTree = "<group>"; };
		9F8B143A15BE1D55000ED0B2 /* Instagram-Prefix.pch */ = {isa = PBXFileReference; lastKnownFileType = sourcecode.c.h; path = "Instagram-Prefix.pch"; sourceTree = "<group>"; };
		9F8B143B15BE1D55000ED0B2 /* AppDelegate.h */ = {isa = PBXFileReference; lastKnownFileType = sourcecode.c.h; path = AppDelegate.h; sourceTree = "<group>"; };
		9F8B143C15BE1D55000ED0B2 /* AppDelegate.m */ = {isa = PBXFileReference; lastKnownFileType = sourcecode.c.objc; path = AppDelegate.m; sourceTree = "<group>"; };
		9F8B143F15BE1D55000ED0B2 /* en */ = {isa = PBXFileReference; lastKnownFileType = file.storyboard; name = en; path = en.lproj/MainStoryboard.storyboard; sourceTree = "<group>"; };
		9F8B144115BE1D55000ED0B2 /* ViewController.h */ = {isa = PBXFileReference; lastKnownFileType = sourcecode.c.h; path = ViewController.h; sourceTree = "<group>"; };
		9F8B144215BE1D55000ED0B2 /* ViewController.m */ = {isa = PBXFileReference; lastKnownFileType = sourcecode.c.objc; path = ViewController.m; sourceTree = "<group>"; };
		9F8B144915BE1EBA000ED0B2 /* Timeline.h */ = {isa = PBXFileReference; fileEncoding = 4; lastKnownFileType = sourcecode.c.h; path = Timeline.h; sourceTree = "<group>"; };
		9F8B144A15BE1EBA000ED0B2 /* Timeline.m */ = {isa = PBXFileReference; fileEncoding = 4; lastKnownFileType = sourcecode.c.objc; path = Timeline.m; sourceTree = "<group>"; };
		9F8B144E15BE2129000ED0B2 /* Constants.h */ = {isa = PBXFileReference; lastKnownFileType = sourcecode.c.h; path = Constants.h; sourceTree = "<group>"; };
		9F8B144F15BE2DF3000ED0B2 /* Photo.h */ = {isa = PBXFileReference; fileEncoding = 4; lastKnownFileType = sourcecode.c.h; path = Photo.h; sourceTree = "<group>"; };
		9F8B145015BE2DF3000ED0B2 /* Photo.m */ = {isa = PBXFileReference; fileEncoding = 4; lastKnownFileType = sourcecode.c.objc; path = Photo.m; sourceTree = "<group>"; };
		9F8B145315BE2E11000ED0B2 /* PhotoCell.h */ = {isa = PBXFileReference; fileEncoding = 4; lastKnownFileType = sourcecode.c.h; path = PhotoCell.h; sourceTree = "<group>"; };
		9F8B145415BE2E11000ED0B2 /* PhotoCell.m */ = {isa = PBXFileReference; fileEncoding = 4; lastKnownFileType = sourcecode.c.objc; path = PhotoCell.m; sourceTree = "<group>"; };
/* End PBXFileReference section */

/* Begin PBXFrameworksBuildPhase section */
		9F8B142515BE1D55000ED0B2 /* Frameworks */ = {
			isa = PBXFrameworksBuildPhase;
			buildActionMask = 2147483647;
			files = (
				9F8B142D15BE1D55000ED0B2 /* UIKit.framework in Frameworks */,
				9F8B142F15BE1D55000ED0B2 /* Foundation.framework in Frameworks */,
				9F8B143115BE1D55000ED0B2 /* CoreGraphics.framework in Frameworks */,
			);
			runOnlyForDeploymentPostprocessing = 0;
		};
/* End PBXFrameworksBuildPhase section */

/* Begin PBXGroup section */
		9F8B141D15BE1D55000ED0B2 = {
			isa = PBXGroup;
			children = (
				9F8B143215BE1D55000ED0B2 /* Instagram */,
				9F8B142B15BE1D55000ED0B2 /* Frameworks */,
				9F8B142915BE1D55000ED0B2 /* Products */,
			);
			sourceTree = "<group>";
		};
		9F8B142915BE1D55000ED0B2 /* Products */ = {
			isa = PBXGroup;
			children = (
				9F8B142815BE1D55000ED0B2 /* Instagram.app */,
			);
			name = Products;
			sourceTree = "<group>";
		};
		9F8B142B15BE1D55000ED0B2 /* Frameworks */ = {
			isa = PBXGroup;
			children = (
				9F8B142C15BE1D55000ED0B2 /* UIKit.framework */,
				9F8B142E15BE1D55000ED0B2 /* Foundation.framework */,
				9F8B143015BE1D55000ED0B2 /* CoreGraphics.framework */,
			);
			name = Frameworks;
			sourceTree = "<group>";
		};
		9F8B143215BE1D55000ED0B2 /* Instagram */ = {
			isa = PBXGroup;
			children = (
				9F8B143B15BE1D55000ED0B2 /* AppDelegate.h */,
				9F8B143C15BE1D55000ED0B2 /* AppDelegate.m */,
				9F8B143E15BE1D55000ED0B2 /* MainStoryboard.storyboard */,
				9F8B144C15BE1EBE000ED0B2 /* Models */,
				9F8B145215BE2DF7000ED0B2 /* View */,
				9F8B144D15BE1EC8000ED0B2 /* Controllers */,
				9F8B143315BE1D55000ED0B2 /* Supporting Files */,
				9F8B144E15BE2129000ED0B2 /* Constants.h */,
			);
			path = Instagram;
			sourceTree = "<group>";
		};
		9F8B143315BE1D55000ED0B2 /* Supporting Files */ = {
			isa = PBXGroup;
			children = (
				9F8B143415BE1D55000ED0B2 /* Instagram-Info.plist */,
				9F8B143515BE1D55000ED0B2 /* InfoPlist.strings */,
				9F8B143815BE1D55000ED0B2 /* main.m */,
				9F8B143A15BE1D55000ED0B2 /* Instagram-Prefix.pch */,
			);
			name = "Supporting Files";
			sourceTree = "<group>";
		};
		9F8B144C15BE1EBE000ED0B2 /* Models */ = {
			isa = PBXGroup;
			children = (
				9F8B144915BE1EBA000ED0B2 /* Timeline.h */,
				9F8B144A15BE1EBA000ED0B2 /* Timeline.m */,
				9F8B144F15BE2DF3000ED0B2 /* Photo.h */,
				9F8B145015BE2DF3000ED0B2 /* Photo.m */,
			);
			name = Models;
			sourceTree = "<group>";
		};
		9F8B144D15BE1EC8000ED0B2 /* Controllers */ = {
			isa = PBXGroup;
			children = (
				9F8B144115BE1D55000ED0B2 /* ViewController.h */,
				9F8B144215BE1D55000ED0B2 /* ViewController.m */,
			);
			name = Controllers;
			sourceTree = "<group>";
		};
		9F8B145215BE2DF7000ED0B2 /* View */ = {
			isa = PBXGroup;
			children = (
				9F8B145315BE2E11000ED0B2 /* PhotoCell.h */,
				9F8B145415BE2E11000ED0B2 /* PhotoCell.m */,
			);
			name = View;
			sourceTree = "<group>";
		};
/* End PBXGroup section */

/* Begin PBXNativeTarget section */
		9F8B142715BE1D55000ED0B2 /* Instagram */ = {
			isa = PBXNativeTarget;
			buildConfigurationList = 9F8B144615BE1D55000ED0B2 /* Build configuration list for PBXNativeTarget "Instagram" */;
			buildPhases = (
				9F8B142415BE1D55000ED0B2 /* Sources */,
				9F8B142515BE1D55000ED0B2 /* Frameworks */,
				9F8B142615BE1D55000ED0B2 /* Resources */,
			);
			buildRules = (
			);
			dependencies = (
			);
			name = Instagram;
			productName = Instagram;
			productReference = 9F8B142815BE1D55000ED0B2 /* Instagram.app */;
			productType = "com.apple.product-type.application";
		};
/* End PBXNativeTarget section */

/* Begin PBXProject section */
		9F8B141F15BE1D55000ED0B2 /* Project object */ = {
			isa = PBXProject;
			attributes = {
				LastUpgradeCheck = 0430;
				ORGANIZATIONNAME = Jera;
			};
			buildConfigurationList = 9F8B142215BE1D55000ED0B2 /* Build configuration list for PBXProject "Instagram" */;
			compatibilityVersion = "Xcode 3.2";
			developmentRegion = English;
			hasScannedForEncodings = 0;
			knownRegions = (
				en,
			);
			mainGroup = 9F8B141D15BE1D55000ED0B2;
			productRefGroup = 9F8B142915BE1D55000ED0B2 /* Products */;
			projectDirPath = "";
			projectRoot = "";
			targets = (
				9F8B142715BE1D55000ED0B2 /* Instagram */,
			);
		};
/* End PBXProject section */

/* Begin PBXResourcesBuildPhase section */
		9F8B142615BE1D55000ED0B2 /* Resources */ = {
			isa = PBXResourcesBuildPhase;
			buildActionMask = 2147483647;
			files = (
				9F8B143715BE1D55000ED0B2 /* InfoPlist.strings in Resources */,
				9F8B144015BE1D55000ED0B2 /* MainStoryboard.storyboard in Resources */,
			);
			runOnlyForDeploymentPostprocessing = 0;
		};
/* End PBXResourcesBuildPhase section */

/* Begin PBXSourcesBuildPhase section */
		9F8B142415BE1D55000ED0B2 /* Sources */ = {
			isa = PBXSourcesBuildPhase;
			buildActionMask = 2147483647;
			files = (
				9F8B143915BE1D55000ED0B2 /* main.m in Sources */,
				9F8B143D15BE1D55000ED0B2 /* AppDelegate.m in Sources */,
				9F8B144315BE1D55000ED0B2 /* ViewController.m in Sources */,
				9F8B144B15BE1EBA000ED0B2 /* Timeline.m in Sources */,
				9F8B145115BE2DF3000ED0B2 /* Photo.m in Sources */,
				9F8B145515BE2E11000ED0B2 /* PhotoCell.m in Sources */,
			);
			runOnlyForDeploymentPostprocessing = 0;
		};
/* End PBXSourcesBuildPhase section */

/* Begin PBXVariantGroup section */
		9F8B143515BE1D55000ED0B2 /* InfoPlist.strings */ = {
			isa = PBXVariantGroup;
			children = (
				9F8B143615BE1D55000ED0B2 /* en */,
			);
			name = InfoPlist.strings;
			sourceTree = "<group>";
		};
		9F8B143E15BE1D55000ED0B2 /* MainStoryboard.storyboard */ = {
			isa = PBXVariantGroup;
			children = (
				9F8B143F15BE1D55000ED0B2 /* en */,
			);
			name = MainStoryboard.storyboard;
			sourceTree = "<group>";
		};
/* End PBXVariantGroup section */

/* Begin XCBuildConfiguration section */
		9F8B144415BE1D55000ED0B2 /* Debug */ = {
			isa = XCBuildConfiguration;
			buildSettings = {
				ALWAYS_SEARCH_USER_PATHS = NO;
				ARCHS = "$(ARCHS_STANDARD_32_BIT)";
				CLANG_ENABLE_OBJC_ARC = YES;
				"CODE_SIGN_IDENTITY[sdk=iphoneos*]" = "iPhone Developer";
				COPY_PHASE_STRIP = NO;
				GCC_C_LANGUAGE_STANDARD = gnu99;
				GCC_DYNAMIC_NO_PIC = NO;
				GCC_OPTIMIZATION_LEVEL = 0;
				GCC_PREPROCESSOR_DEFINITIONS = (
					"DEBUG=1",
					"$(inherited)",
				);
				GCC_SYMBOLS_PRIVATE_EXTERN = NO;
				GCC_VERSION = com.apple.compilers.llvm.clang.1_0;
				GCC_WARN_ABOUT_RETURN_TYPE = YES;
				GCC_WARN_UNINITIALIZED_AUTOS = YES;
				GCC_WARN_UNUSED_VARIABLE = YES;
				IPHONEOS_DEPLOYMENT_TARGET = 5.1;
				SDKROOT = iphoneos;
			};
			name = Debug;
		};
		9F8B144515BE1D55000ED0B2 /* Release */ = {
			isa = XCBuildConfiguration;
			buildSettings = {
				ALWAYS_SEARCH_USER_PATHS = NO;
				ARCHS = "$(ARCHS_STANDARD_32_BIT)";
				CLANG_ENABLE_OBJC_ARC = YES;
				"CODE_SIGN_IDENTITY[sdk=iphoneos*]" = "iPhone Developer";
				COPY_PHASE_STRIP = YES;
				GCC_C_LANGUAGE_STANDARD = gnu99;
				GCC_VERSION = com.apple.compilers.llvm.clang.1_0;
				GCC_WARN_ABOUT_RETURN_TYPE = YES;
				GCC_WARN_UNINITIALIZED_AUTOS = YES;
				GCC_WARN_UNUSED_VARIABLE = YES;
				IPHONEOS_DEPLOYMENT_TARGET = 5.1;
				OTHER_CFLAGS = "-DNS_BLOCK_ASSERTIONS=1";
				SDKROOT = iphoneos;
				VALIDATE_PRODUCT = YES;
			};
			name = Release;
		};
		9F8B144715BE1D55000ED0B2 /* Debug */ = {
			isa = XCBuildConfiguration;
			buildSettings = {
				GCC_PRECOMPILE_PREFIX_HEADER = YES;
				GCC_PREFIX_HEADER = "Instagram/Instagram-Prefix.pch";
				INFOPLIST_FILE = "Instagram/Instagram-Info.plist";
				IPHONEOS_DEPLOYMENT_TARGET = 5.0;
				PRODUCT_NAME = "$(TARGET_NAME)";
				WRAPPER_EXTENSION = app;
			};
			name = Debug;
		};
		9F8B144815BE1D55000ED0B2 /* Release */ = {
			isa = XCBuildConfiguration;
			buildSettings = {
				GCC_PRECOMPILE_PREFIX_HEADER = YES;
				GCC_PREFIX_HEADER = "Instagram/Instagram-Prefix.pch";
				INFOPLIST_FILE = "Instagram/Instagram-Info.plist";
				IPHONEOS_DEPLOYMENT_TARGET = 5.0;
				PRODUCT_NAME = "$(TARGET_NAME)";
				WRAPPER_EXTENSION = app;
			};
			name = Release;
		};
/* End XCBuildConfiguration section */

/* Begin XCConfigurationList section */
		9F8B142215BE1D55000ED0B2 /* Build configuration list for PBXProject "Instagram" */ = {
			isa = XCConfigurationList;
			buildConfigurations = (
				9F8B144415BE1D55000ED0B2 /* Debug */,
				9F8B144515BE1D55000ED0B2 /* Release */,
			);
			defaultConfigurationIsVisible = 0;
			defaultConfigurationName = Release;
		};
		9F8B144615BE1D55000ED0B2 /* Build configuration list for PBXNativeTarget "Instagram" */ = {
			isa = XCConfigurationList;
			buildConfigurations = (
				9F8B144715BE1D55000ED0B2 /* Debug */,
				9F8B144815BE1D55000ED0B2 /* Release */,
			);
			defaultConfigurationIsVisible = 0;
			defaultConfigurationName = Release;
		};
/* End XCConfigurationList section */
	};
	rootObject = 9F8B141F15BE1D55000ED0B2 /* Project object */;
}
